github.com/aperturerobotics/fastjson v0.1.1 h1:3ErKDjTNW8jFD6lLLnx1kyU+55TSq0ocFWaYTJBo4Ns=
github.com/aperturerobotics/fastjson v0.1.1/go.mod h1:ArP9Q7MVDi8jMPR3ljopH5drxs/qen12Hv2L7qRcPb4=
github.com/aperturerobotics/json-iterator-lite v1.0.1-0.20251104042408-0c9eb8a3f726 h1:4B1F0DzuqPzb6WqgCjWaqDD7JU9RDsevQG5OP0DFBgs=
github.com/aperturerobotics/json-iterator-lite v1.0.1-0.20251104042408-0c9eb8a3f726/go.mod h1:SvGGBv3OVxUyqO0ZxA/nvs6z3cg7NIbZ64TnbV2OISo=
github.com/aperturerobotics/protobuf-go-lite v0.14.0 h1:6YhovtoUZtXgXLHZ2VV2GCYUzFfi8UN6172Vl2flNlE=
github.com/aperturerobotics/protobuf-go-lite v0.14.0/go.mod h1:lGH3s5ArCTXKI4wJdlNpaybUtwSjfAG0vdWjxOfMcF8=
github.com/aperturerobotics/util v1.34.9 h1:Eyhu1Citt+od7jKIb+Q92h/CEujWCFsvdvJavQeoRjM=
github.com/aperturerobotics/util v1.34.9/go.mod h1:GxjGkYQNEj8xvLFz+T8ifqANtK5cMesOlCxh50htvBI=
github.com/davecgh/go-spew v1.1.1 h1:vj9j/u1bqnvCEfJOwUhtlOARqs3+rkHYY13jYWTU97c=
github.com/davecgh/go-spew v1.1.1/go.mod h1:J7Y8YcW2NihsgmVo/mv3lAwl/skON4iLHjSsI+c5H38=
github.com/google/go-cmp v0.7.0 h1:wk8382ETsv4JYUZwIsn6YpYiWiBsYLSJiTsyBybVuN8=
github.com/google/go-cmp v0.7.0/go.mod h1:pXiqmnSA92OHEEa9HXL2W4E7lf9JzCmGVUdgjX3N/iU=
github.com/klauspost/compress v1.18.6 h1:2jupLlAwFm95+YDR+NwD2MEfFO9d4z4Prjl1XXDjuao=
github.com/klauspost/compress v1.18.6/go.mod h1:cwPg85FWrGar70rWktvGQj8/hthj3wpl0PGDogxkrSQ=
github.com/paralin/s2replay v0.0.0-20260902194211-e3187b7bb0a3 h1:BWFMq3/+ChcjXijMRwt//9ux41q79WQfpzNH9xrPo9o=
github.com/paralin/s2replay v0.0.0-20260902194211-e3187b7bb0a3/go.mod h1:jgzoOPNjI5XhDhlQMlrHZdBAgNprOFDKHrzgE+4Y3Yc=
github.com/pkg/errors v0.9.1 h1:FEBLx1zS214owpjy7qsBeixbURkuhQAwrK5UwLGTwt4=
github.com/pkg/errors v0.9.1/go.mod h1:bwawxfHBFNV+L2hUp1rHADufV3IMtnDRdf1r5NINEl0=
github.com/pmezard/go-difflib v1.0.0 h1:4DBwDE0NGyQoBHbLQYPwSUPoCMWR5BEzIk/f1lZbAQM=
github.com/pmezard/go-difflib v1.0.0/go.mod h1:iKH77koFhYxTK1pcRnkKkqfTogsbg7gZNVY4sRDYZ/4=
github.com/stretchr/testify v1.11.1 h1:7s2iGBzp5EwR7/aIZr8ao5+dra3wiQyKjjFuvgVKu7U=
github.com/stretchr/testify v1.11.1/go.mod h1:wZwfW3scLgRK+23gO65QZefKpKQRnfz6sD981Nm4B6U=
gopkg.in/yaml.v3 v3.0.1 h1:fxVm/GzAzEWqLHuvctI91KS9hhNmmWOoWu0XTYJS7CA=
gopkg.in/yaml.v3 v3.0.1/go.mod h1:K4uyk7z7BCEPqu6E+C64Yfv1cQ7kz7rIZviUmN+EgEM=
