github.com/aperturerobotics/protobuf-go-lite v0.14.0 h1:6YhovtoUZtXgXLHZ2VV2GCYUzFfi8UN6172Vl2flNlE=
github.com/aperturerobotics/protobuf-go-lite v0.14.0/go.mod h1:lGH3s5ArCTXKI4wJdlNpaybUtwSjfAG0vdWjxOfMcF8=
github.com/aperturerobotics/util v1.34.9 h1:Eyhu1Citt+od7jKIb+Q92h/CEujWCFsvdvJavQeoRjM=
github.com/aperturerobotics/util v1.34.9/go.mod h1:GxjGkYQNEj8xvLFz+T8ifqANtK5cMesOlCxh50htvBI=
github.com/pkg/errors v0.9.1 h1:FEBLx1zS214owpjy7qsBeixbURkuhQAwrK5UwLGTwt4=
github.com/pkg/errors v0.9.1/go.mod h1:bwawxfHBFNV+L2hUp1rHADufV3IMtnDRdf1r5NINEl0=
